
Microsoft Visual Studio Solution File, Format Version 12.00
# Visual Studio Version 16
VisualStudioVersion = 16.0.29509.3
MinimumVisualStudioVersion = 10.0.40219.1
Project("{FAE04EC0-301F-11D3-BF4B-00C04F79EFBC}") = "Lab23", "Lab23\Lab23.csproj", "{13D25AEE-CFB9-43CB-BF66-F64DE45A60C8}"
EndProject
Global
	GlobalSection(SolutionConfigurationPlatforms) = preSolution
		Debug|Any CPU = Debug|Any CPU
		Release|Any CPU = Release|Any CPU
	EndGlobalSection
	GlobalSection(ProjectConfigurationPlatforms) = postSolution
		{13D25AEE-CFB9-43CB-BF66-F64DE45A60C8}.Debug|Any CPU.ActiveCfg = Debug|Any CPU
		{13D25AEE-CFB9-43CB-BF66-F64DE45A60C8}.Debug|Any CPU.Build.0 = Debug|Any CPU
		{13D25AEE-CFB9-43CB-BF66-F64DE45A60C8}.Release|Any CPU.ActiveCfg = Release|Any CPU
		{13D25AEE-CFB9-43CB-BF66-F64DE45A60C8}.Release|Any CPU.Build.0 = Release|Any CPU
	EndGlobalSection
	GlobalSection(SolutionProperties) = preSolution
		HideSolutionNode = FALSE
	EndGlobalSection
	GlobalSection(ExtensibilityGlobals) = postSolution
		SolutionGuid = {51C5E850-0CC1-4C9E-92C1-0913897821FC}
	EndGlobalSection
EndGlobal
